
Microsoft Visual Studio Solution File, Format Version 10.00
# Visual Studio 2008
Project("{8BC9CEB8-8B4A-11D0-8D11-00A0C91BC942}") = "MIM", "MIM.vcproj", "{795E10F1-B7AB-4AB1-BE3D-D23739885CCF}"
EndProject
Global
	GlobalSection(SolutionConfigurationPlatforms) = preSolution
		Debug|Win32 = Debug|Win32
		Release|Win32 = Release|Win32
	EndGlobalSection
	GlobalSection(ProjectConfigurationPlatforms) = postSolution
		{795E10F1-B7AB-4AB1-BE3D-D23739885CCF}.Debug|Win32.ActiveCfg = Debug|Win32
		{795E10F1-B7AB-4AB1-BE3D-D23739885CCF}.Debug|Win32.Build.0 = Debug|Win32
		{795E10F1-B7AB-4AB1-BE3D-D23739885CCF}.Release|Win32.ActiveCfg = Release|Win32
		{795E10F1-B7AB-4AB1-BE3D-D23739885CCF}.Release|Win32.Build.0 = Release|Win32
	EndGlobalSection
	GlobalSection(SolutionProperties) = preSolution
		HideSolutionNode = FALSE
	EndGlobalSection
EndGlobal
